
Microsoft Visual Studio Solution File, Format Version 12.00
# Visual Studio Version 16
VisualStudioVersion = 16.0.31729.503
MinimumVisualStudioVersion = 10.0.40219.1
Project("{9A19103F-16F7-4668-BE54-9A1E7A4F7556}") = "LoaLogger", "LoaLogger\LoaLogger.csproj", "{AF28005D-FED7-43DE-8D2C-805B002812DE}"
EndProject
Project("{FAE04EC0-301F-11D3-BF4B-00C04F79EFBC}") = "LOACT", "LOACT\LOACT.csproj", "{CEC391DB-7BB0-4C87-9A95-5ED93C2D890F}"
EndProject
Global
	GlobalSection(SolutionConfigurationPlatforms) = preSolution
		Debug|Any CPU = Debug|Any CPU
		Release|Any CPU = Release|Any CPU
	EndGlobalSection
	GlobalSection(ProjectConfigurationPlatforms) = postSolution
		{AF28005D-FED7-43DE-8D2C-805B002812DE}.Debug|Any CPU.ActiveCfg = Debug|Any CPU
		{AF28005D-FED7-43DE-8D2C-805B002812DE}.Debug|Any CPU.Build.0 = Debug|Any CPU
		{AF28005D-FED7-43DE-8D2C-805B002812DE}.Release|Any CPU.ActiveCfg = Release|Any CPU
		{AF28005D-FED7-43DE-8D2C-805B002812DE}.Release|Any CPU.Build.0 = Release|Any CPU
		{CEC391DB-7BB0-4C87-9A95-5ED93C2D890F}.Debug|Any CPU.ActiveCfg = Debug|Any CPU
		{CEC391DB-7BB0-4C87-9A95-5ED93C2D890F}.Debug|Any CPU.Build.0 = Debug|Any CPU
		{CEC391DB-7BB0-4C87-9A95-5ED93C2D890F}.Release|Any CPU.ActiveCfg = Release|Any CPU
		{CEC391DB-7BB0-4C87-9A95-5ED93C2D890F}.Release|Any CPU.Build.0 = Release|Any CPU
	EndGlobalSection
	GlobalSection(SolutionProperties) = preSolution
		HideSolutionNode = FALSE
	EndGlobalSection
	GlobalSection(ExtensibilityGlobals) = postSolution
		SolutionGuid = {6794ADEB-D244-4DBD-B0C8-F9793408288C}
	EndGlobalSection
EndGlobal
